<?xml version="1.0" encoding="utf-8"?>
<Project ToolsVersion="4.0" xmlns="http://schemas.microsoft.com/developer/msbuild/2003">
  <ItemGroup>
    <Filter Include="ソースファイル">
      <UniqueIdentifier>{aa90a2b5-4b43-4d0a-b337-ec0476b93616}</UniqueIdentifier>
    </Filter>
    <Filter Include="ヘッダーファイル">
      <UniqueIdentifier>{d60841c8-f84f-48d0-bce3-aa4c95b110d2}</UniqueIdentifier>
    </Filter>
  </ItemGroup>
  <ItemGroup>
    <ClCompile Include="2d_explosion.cpp">
      <Filter>ソースファイル</Filter>
    </ClCompile>
    <ClCompile Include="beam.cpp">
      <Filter>ソースファイル</Filter>
    </ClCompile>
    <ClCompile Include="bg.cpp">
      <Filter>ソースファイル</Filter>
    </ClCompile>
    <ClCompile Include="bill.cpp">
      <Filter>ソースファイル</Filter>
    </ClCompile>
    <ClCompile Include="bomb.cpp">
      <Filter>ソースファイル</Filter>
    </ClCompile>
    <ClCompile Include="boost.cpp">
      <Filter>ソースファイル</Filter>
    </ClCompile>
    <ClCompile Include="bullet.cpp">
      <Filter>ソースファイル</Filter>
    </ClCompile>
    <ClCompile Include="bullet2.cpp">
      <Filter>ソースファイル</Filter>
    </ClCompile>
    <ClCompile Include="camera.cpp">
      <Filter>ソースファイル</Filter>
    </ClCompile>
    <ClCompile Include="charge.cpp">
      <Filter>ソースファイル</Filter>
    </ClCompile>
    <ClCompile Include="continue.cpp">
      <Filter>ソースファイル</Filter>
    </ClCompile>
    <ClCompile Include="effect.cpp">
      <Filter>ソースファイル</Filter>
    </ClCompile>
    <ClCompile Include="explosion.cpp">
      <Filter>ソースファイル</Filter>
    </ClCompile>
    <ClCompile Include="fade.cpp">
      <Filter>ソースファイル</Filter>
    </ClCompile>
    <ClCompile Include="fire.cpp">
      <Filter>ソースファイル</Filter>
    </ClCompile>
    <ClCompile Include="game.cpp">
      <Filter>ソースファイル</Filter>
    </ClCompile>
    <ClCompile Include="gauge.cpp">
      <Filter>ソースファイル</Filter>
    </ClCompile>
    <ClCompile Include="input.cpp">
      <Filter>ソースファイル</Filter>
    </ClCompile>
    <ClCompile Include="joypad.cpp">
      <Filter>ソースファイル</Filter>
    </ClCompile>
    <ClCompile Include="keyboard.cpp">
      <Filter>ソースファイル</Filter>
    </ClCompile>
    <ClCompile Include="laser.cpp">
      <Filter>ソースファイル</Filter>
    </ClCompile>
    <ClCompile Include="life.cpp">
      <Filter>ソースファイル</Filter>
    </ClCompile>
    <ClCompile Include="light.cpp">
      <Filter>ソースファイル</Filter>
    </ClCompile>
    <ClCompile Include="lockon.cpp">
      <Filter>ソースファイル</Filter>
    </ClCompile>
    <ClCompile Include="locus.cpp">
      <Filter>ソースファイル</Filter>
    </ClCompile>
    <ClCompile Include="main.cpp">
      <Filter>ソースファイル</Filter>
    </ClCompile>
    <ClCompile Include="manager.cpp">
      <Filter>ソースファイル</Filter>
    </ClCompile>
    <ClCompile Include="meshfield.cpp">
      <Filter>ソースファイル</Filter>
    </ClCompile>
    <ClCompile Include="missile.cpp">
      <Filter>ソースファイル</Filter>
    </ClCompile>
    <ClCompile Include="model.cpp">
      <Filter>ソースファイル</Filter>
    </ClCompile>
    <ClCompile Include="modelanime.cpp">
      <Filter>ソースファイル</Filter>
    </ClCompile>
    <ClCompile Include="number.cpp">
      <Filter>ソースファイル</Filter>
    </ClCompile>
    <ClCompile Include="particle.cpp">
      <Filter>ソースファイル</Filter>
    </ClCompile>
    <ClCompile Include="player.cpp">
      <Filter>ソースファイル</Filter>
    </ClCompile>
    <ClCompile Include="polygon.cpp">
      <Filter>ソースファイル</Filter>
    </ClCompile>
    <ClCompile Include="renderer.cpp">
      <Filter>ソースファイル</Filter>
    </ClCompile>
    <ClCompile Include="result.cpp">
      <Filter>ソースファイル</Filter>
    </ClCompile>
    <ClCompile Include="sand.cpp">
      <Filter>ソースファイル</Filter>
    </ClCompile>
    <ClCompile Include="scene.cpp">
      <Filter>ソースファイル</Filter>
    </ClCompile>
    <ClCompile Include="scene2d.cpp">
      <Filter>ソースファイル</Filter>
    </ClCompile>
    <ClCompile Include="scene3D.cpp">
      <Filter>ソースファイル</Filter>
    </ClCompile>
    <ClCompile Include="sea.cpp">
      <Filter>ソースファイル</Filter>
    </ClCompile>
    <ClCompile Include="shader.cpp">
      <Filter>ソースファイル</Filter>
    </ClCompile>
    <ClCompile Include="shape.cpp">
      <Filter>ソースファイル</Filter>
    </ClCompile>
    <ClCompile Include="shock.cpp">
      <Filter>ソースファイル</Filter>
    </ClCompile>
    <ClCompile Include="smoke.cpp">
      <Filter>ソースファイル</Filter>
    </ClCompile>
    <ClCompile Include="sound.cpp">
      <Filter>ソースファイル</Filter>
    </ClCompile>
    <ClCompile Include="splash.cpp">
      <Filter>ソースファイル</Filter>
    </ClCompile>
    <ClCompile Include="time.cpp">
      <Filter>ソースファイル</Filter>
    </ClCompile>
    <ClCompile Include="title.cpp">
      <Filter>ソースファイル</Filter>
    </ClCompile>
    <ClCompile Include="titlelogo.cpp">
      <Filter>ソースファイル</Filter>
    </ClCompile>
    <ClCompile Include="tutorial.cpp">
      <Filter>ソースファイル</Filter>
    </ClCompile>
    <ClCompile Include="ui.cpp">
      <Filter>ソースファイル</Filter>
    </ClCompile>
    <ClCompile Include="uiend.cpp">
      <Filter>ソースファイル</Filter>
    </ClCompile>
    <ClCompile Include="uistart.cpp">
      <Filter>ソースファイル</Filter>
    </ClCompile>
    <ClCompile Include="pause.cpp">
      <Filter>ソースファイル</Filter>
    </ClCompile>
    <ClCompile Include="uipause.cpp">
      <Filter>ソースファイル</Filter>
    </ClCompile>
    <ClCompile Include="billboard.cpp">
      <Filter>ソースファイル</Filter>
    </ClCompile>
  </ItemGroup>
  <ItemGroup>
    <ClInclude Include="2d_explosion.h">
      <Filter>ヘッダーファイル</Filter>
    </ClInclude>
    <ClInclude Include="beam.h">
      <Filter>ヘッダーファイル</Filter>
    </ClInclude>
    <ClInclude Include="bg.h">
      <Filter>ヘッダーファイル</Filter>
    </ClInclude>
    <ClInclude Include="bill.h">
      <Filter>ヘッダーファイル</Filter>
    </ClInclude>
    <ClInclude Include="billboard.h">
      <Filter>ヘッダーファイル</Filter>
    </ClInclude>
    <ClInclude Include="bomb.h">
      <Filter>ヘッダーファイル</Filter>
    </ClInclude>
    <ClInclude Include="boost.h">
      <Filter>ヘッダーファイル</Filter>
    </ClInclude>
    <ClInclude Include="bullet.h">
      <Filter>ヘッダーファイル</Filter>
    </ClInclude>
    <ClInclude Include="bullet2.h">
      <Filter>ヘッダーファイル</Filter>
    </ClInclude>
    <ClInclude Include="camera.h">
      <Filter>ヘッダーファイル</Filter>
    </ClInclude>
    <ClInclude Include="charge.h">
      <Filter>ヘッダーファイル</Filter>
    </ClInclude>
    <ClInclude Include="continue.h">
      <Filter>ヘッダーファイル</Filter>
    </ClInclude>
    <ClInclude Include="effect.h">
      <Filter>ヘッダーファイル</Filter>
    </ClInclude>
    <ClInclude Include="explosion.h">
      <Filter>ヘッダーファイル</Filter>
    </ClInclude>
    <ClInclude Include="fade.h">
      <Filter>ヘッダーファイル</Filter>
    </ClInclude>
    <ClInclude Include="fire.h">
      <Filter>ヘッダーファイル</Filter>
    </ClInclude>
    <ClInclude Include="game.h">
      <Filter>ヘッダーファイル</Filter>
    </ClInclude>
    <ClInclude Include="gauge.h">
      <Filter>ヘッダーファイル</Filter>
    </ClInclude>
    <ClInclude Include="input.h">
      <Filter>ヘッダーファイル</Filter>
    </ClInclude>
    <ClInclude Include="joypad.h">
      <Filter>ヘッダーファイル</Filter>
    </ClInclude>
    <ClInclude Include="keyboard.h">
      <Filter>ヘッダーファイル</Filter>
    </ClInclude>
    <ClInclude Include="laser.h">
      <Filter>ヘッダーファイル</Filter>
    </ClInclude>
    <ClInclude Include="life.h">
      <Filter>ヘッダーファイル</Filter>
    </ClInclude>
    <ClInclude Include="light.h">
      <Filter>ヘッダーファイル</Filter>
    </ClInclude>
    <ClInclude Include="lockon.h">
      <Filter>ヘッダーファイル</Filter>
    </ClInclude>
    <ClInclude Include="locus.h">
      <Filter>ヘッダーファイル</Filter>
    </ClInclude>
    <ClInclude Include="main.h">
      <Filter>ヘッダーファイル</Filter>
    </ClInclude>
    <ClInclude Include="manager.h">
      <Filter>ヘッダーファイル</Filter>
    </ClInclude>
    <ClInclude Include="meshfield.h">
      <Filter>ヘッダーファイル</Filter>
    </ClInclude>
    <ClInclude Include="missile.h">
      <Filter>ヘッダーファイル</Filter>
    </ClInclude>
    <ClInclude Include="model.h">
      <Filter>ヘッダーファイル</Filter>
    </ClInclude>
    <ClInclude Include="modelanime.h">
      <Filter>ヘッダーファイル</Filter>
    </ClInclude>
    <ClInclude Include="number.h">
      <Filter>ヘッダーファイル</Filter>
    </ClInclude>
    <ClInclude Include="particle.h">
      <Filter>ヘッダーファイル</Filter>
    </ClInclude>
    <ClInclude Include="player.h">
      <Filter>ヘッダーファイル</Filter>
    </ClInclude>
    <ClInclude Include="polygon.h">
      <Filter>ヘッダーファイル</Filter>
    </ClInclude>
    <ClInclude Include="renderer.h">
      <Filter>ヘッダーファイル</Filter>
    </ClInclude>
    <ClInclude Include="result.h">
      <Filter>ヘッダーファイル</Filter>
    </ClInclude>
    <ClInclude Include="sand.h">
      <Filter>ヘッダーファイル</Filter>
    </ClInclude>
    <ClInclude Include="scene.h">
      <Filter>ヘッダーファイル</Filter>
    </ClInclude>
    <ClInclude Include="scene2d.h">
      <Filter>ヘッダーファイル</Filter>
    </ClInclude>
    <ClInclude Include="scene3D.h">
      <Filter>ヘッダーファイル</Filter>
    </ClInclude>
    <ClInclude Include="sea.h">
      <Filter>ヘッダーファイル</Filter>
    </ClInclude>
    <ClInclude Include="shader.h">
      <Filter>ヘッダーファイル</Filter>
    </ClInclude>
    <ClInclude Include="shape.h">
      <Filter>ヘッダーファイル</Filter>
    </ClInclude>
    <ClInclude Include="shock.h">
      <Filter>ヘッダーファイル</Filter>
    </ClInclude>
    <ClInclude Include="smoke.h">
      <Filter>ヘッダーファイル</Filter>
    </ClInclude>
    <ClInclude Include="sound.h">
      <Filter>ヘッダーファイル</Filter>
    </ClInclude>
    <ClInclude Include="splash.h">
      <Filter>ヘッダーファイル</Filter>
    </ClInclude>
    <ClInclude Include="time.h">
      <Filter>ヘッダーファイル</Filter>
    </ClInclude>
    <ClInclude Include="title.h">
      <Filter>ヘッダーファイル</Filter>
    </ClInclude>
    <ClInclude Include="titlelogo.h">
      <Filter>ヘッダーファイル</Filter>
    </ClInclude>
    <ClInclude Include="tutorial.h">
      <Filter>ヘッダーファイル</Filter>
    </ClInclude>
    <ClInclude Include="ui.h">
      <Filter>ヘッダーファイル</Filter>
    </ClInclude>
    <ClInclude Include="uiend.h">
      <Filter>ヘッダーファイル</Filter>
    </ClInclude>
    <ClInclude Include="uistart.h">
      <Filter>ヘッダーファイル</Filter>
    </ClInclude>
    <ClInclude Include="pause.h">
      <Filter>ヘッダーファイル</Filter>
    </ClInclude>
    <ClInclude Include="uipause.h">
      <Filter>ヘッダーファイル</Filter>
    </ClInclude>
  </ItemGroup>
</Project>